
Microsoft Visual Studio Solution File, Format Version 12.00
# Visual Studio Version 16
VisualStudioVersion = 16.0.31402.337
MinimumVisualStudioVersion = 10.0.40219.1
Project("{FAE04EC0-301F-11D3-BF4B-00C04F79EFBC}") = "UD4E1", "UD4E1\UD4E1.csproj", "{B1846B56-BF72-44C0-988D-0237C2091560}"
EndProject
Global
	GlobalSection(SolutionConfigurationPlatforms) = preSolution
		Debug|Any CPU = Debug|Any CPU
		Release|Any CPU = Release|Any CPU
	EndGlobalSection
	GlobalSection(ProjectConfigurationPlatforms) = postSolution
		{B1846B56-BF72-44C0-988D-0237C2091560}.Debug|Any CPU.ActiveCfg = Debug|Any CPU
		{B1846B56-BF72-44C0-988D-0237C2091560}.Debug|Any CPU.Build.0 = Debug|Any CPU
		{B1846B56-BF72-44C0-988D-0237C2091560}.Release|Any CPU.ActiveCfg = Release|Any CPU
		{B1846B56-BF72-44C0-988D-0237C2091560}.Release|Any CPU.Build.0 = Release|Any CPU
	EndGlobalSection
	GlobalSection(SolutionProperties) = preSolution
		HideSolutionNode = FALSE
	EndGlobalSection
	GlobalSection(ExtensibilityGlobals) = postSolution
		SolutionGuid = {0915EC6B-971D-48EF-9CC0-B865D57633CF}
	EndGlobalSection
EndGlobal
